Microsoft Visual Studio Solution File, Format Version 8.00
Project("{8BC9CEB8-8B4A-11D0-8D11-00A0C91BC942}") = "анализ связи ранговых признаков", "анализ связи ранговых признаков.vcproj", "{F175D6BE-E194-488F-86C7-7DADEAD7049C}"
	ProjectSection(ProjectDependencies) = postProject
	EndProjectSection
EndProject
Global
	GlobalSection(SolutionConfiguration) = preSolution
		Debug = Debug
		Release = Release
	EndGlobalSection
	GlobalSection(ProjectConfiguration) = postSolution
		{F175D6BE-E194-488F-86C7-7DADEAD7049C}.Debug.ActiveCfg = Debug|Win32
		{F175D6BE-E194-488F-86C7-7DADEAD7049C}.Debug.Build.0 = Debug|Win32
		{F175D6BE-E194-488F-86C7-7DADEAD7049C}.Release.ActiveCfg = Release|Win32
		{F175D6BE-E194-488F-86C7-7DADEAD7049C}.Release.Build.0 = Release|Win32
	EndGlobalSection
	GlobalSection(ExtensibilityGlobals) = postSolution
	EndGlobalSection
	GlobalSection(ExtensibilityAddIns) = postSolution
	EndGlobalSection
EndGlobal
